
Microsoft Visual Studio Solution File, Format Version 12.00
# Visual Studio Version 17
VisualStudioVersion = 17.0.32112.339
MinimumVisualStudioVersion = 10.0.40219.1
Project("{9A19103F-16F7-4668-BE54-9A1E7A4F7556}") = "KnewAlreadyWebApp", "KnewAlreadyWebApp\KnewAlreadyWebApp.csproj", "{6D006D60-EFAF-447D-8B3A-0B4AC3F5CFA0}"
EndProject
Project("{9A19103F-16F7-4668-BE54-9A1E7A4F7556}") = "KnewAlreadyAPI", "KnewAlreadyAPI\KnewAlreadyAPI.csproj", "{CF1B462C-7530-475B-B356-E582DB656BEC}"
EndProject
Project("{9A19103F-16F7-4668-BE54-9A1E7A4F7556}") = "KnewAlreadyCore", "KnewAlreadyCore\KnewAlreadyCore.csproj", "{49974EBF-1320-48A8-96E6-786A03B8AAAC}"
EndProject
Project("{FAE04EC0-301F-11D3-BF4B-00C04F79EFBC}") = "KnewAlreadyDesktopClient", "KnewAlreadyDesktopClient\KnewAlreadyDesktopClient.csproj", "{B72D78FC-78B9-4681-AB30-629B87EAAB4B}"
EndProject
Global
	GlobalSection(SolutionConfigurationPlatforms) = preSolution
		Debug|Any CPU = Debug|Any CPU
		Release|Any CPU = Release|Any CPU
	EndGlobalSection
	GlobalSection(ProjectConfigurationPlatforms) = postSolution
		{6D006D60-EFAF-447D-8B3A-0B4AC3F5CFA0}.Debug|Any CPU.ActiveCfg = Debug|Any CPU
		{6D006D60-EFAF-447D-8B3A-0B4AC3F5CFA0}.Debug|Any CPU.Build.0 = Debug|Any CPU
		{6D006D60-EFAF-447D-8B3A-0B4AC3F5CFA0}.Release|Any CPU.ActiveCfg = Release|Any CPU
		{6D006D60-EFAF-447D-8B3A-0B4AC3F5CFA0}.Release|Any CPU.Build.0 = Release|Any CPU
		{CF1B462C-7530-475B-B356-E582DB656BEC}.Debug|Any CPU.ActiveCfg = Debug|Any CPU
		{CF1B462C-7530-475B-B356-E582DB656BEC}.Debug|Any CPU.Build.0 = Debug|Any CPU
		{CF1B462C-7530-475B-B356-E582DB656BEC}.Release|Any CPU.ActiveCfg = Release|Any CPU
		{CF1B462C-7530-475B-B356-E582DB656BEC}.Release|Any CPU.Build.0 = Release|Any CPU
		{49974EBF-1320-48A8-96E6-786A03B8AAAC}.Debug|Any CPU.ActiveCfg = Debug|Any CPU
		{49974EBF-1320-48A8-96E6-786A03B8AAAC}.Debug|Any CPU.Build.0 = Debug|Any CPU
		{49974EBF-1320-48A8-96E6-786A03B8AAAC}.Release|Any CPU.ActiveCfg = Release|Any CPU
		{49974EBF-1320-48A8-96E6-786A03B8AAAC}.Release|Any CPU.Build.0 = Release|Any CPU
		{B72D78FC-78B9-4681-AB30-629B87EAAB4B}.Debug|Any CPU.ActiveCfg = Debug|Any CPU
		{B72D78FC-78B9-4681-AB30-629B87EAAB4B}.Debug|Any CPU.Build.0 = Debug|Any CPU
		{B72D78FC-78B9-4681-AB30-629B87EAAB4B}.Release|Any CPU.ActiveCfg = Release|Any CPU
		{B72D78FC-78B9-4681-AB30-629B87EAAB4B}.Release|Any CPU.Build.0 = Release|Any CPU
	EndGlobalSection
	GlobalSection(SolutionProperties) = preSolution
		HideSolutionNode = FALSE
	EndGlobalSection
	GlobalSection(ExtensibilityGlobals) = postSolution
		SolutionGuid = {F1B0E536-A537-4CBC-BC43-65A187D1753E}
	EndGlobalSection
EndGlobal
